
Microsoft Visual Studio Solution File, Format Version 12.00
# Visual Studio Version 17
VisualStudioVersion = 17.6.33829.357
MinimumVisualStudioVersion = 10.0.40219.1
Project("{FAE04EC0-301F-11D3-BF4B-00C04F79EFBC}") = "RecapProject1", "RecapProject1\RecapProject1.csproj", "{CBECD44F-DD67-4B53-8381-E4E146464F1A}"
EndProject
Global
	GlobalSection(SolutionConfigurationPlatforms) = preSolution
		Debug|Any CPU = Debug|Any CPU
		Release|Any CPU = Release|Any CPU
	EndGlobalSection
	GlobalSection(ProjectConfigurationPlatforms) = postSolution
		{CBECD44F-DD67-4B53-8381-E4E146464F1A}.Debug|Any CPU.ActiveCfg = Debug|Any CPU
		{CBECD44F-DD67-4B53-8381-E4E146464F1A}.Debug|Any CPU.Build.0 = Debug|Any CPU
		{CBECD44F-DD67-4B53-8381-E4E146464F1A}.Release|Any CPU.ActiveCfg = Release|Any CPU
		{CBECD44F-DD67-4B53-8381-E4E146464F1A}.Release|Any CPU.Build.0 = Release|Any CPU
	EndGlobalSection
	GlobalSection(SolutionProperties) = preSolution
		HideSolutionNode = FALSE
	EndGlobalSection
	GlobalSection(ExtensibilityGlobals) = postSolution
		SolutionGuid = {C6524D16-2D88-43EE-A45F-797D90A93A67}
	EndGlobalSection
EndGlobal
